{
  "name": "esbuild-live-server",
  "version": "1.0.5",
  "lockfileVersion": 2,
  "requires": true,
  "packages": {
    "": {
      "name": "esbuild-live-server",
      "version": "1.0.5",
      "license": "ISC",
      "dependencies": {
        "create-serve": "^1.0.1",
        "esbuild": "^0.19.2"
      },
      "devDependencies": {}
    },
    "node_modules/@esbuild/darwin-arm64": {
      "version": "0.19.2",
      "resolved": "https://registry.npmjs.org/@esbuild/darwin-arm64/-/darwin-arm64-0.19.2.tgz",
      "integrity": "sha512-Ora8JokrvrzEPEpZO18ZYXkH4asCdc1DLdcVy8TGf5eWtPO1Ie4WroEJzwI52ZGtpODy3+m0a2yEX9l+KUn0tA==",
      "cpu": [
        "arm64"
      ],
      "optional": true,
      "os": [
        "darwin"
      ],
      "engines": {
        "node": ">=12"
      }
    },
    "node_modules/create-serve": {
      "version": "1.0.1",
      "resolved": "https://registry.npmjs.org/create-serve/-/create-serve-1.0.1.tgz",
      "integrity": "sha512-cDAmBGhkwolS7ihq7SnPE8KwjYUZl5FaI9Pq5ZBwNelSKvFR9OoAA4/B5BfB/NC+eYaykBpX9RVMfuU4DHtrPw==",
      "bin": {
        "create-serve": "src/bin.js"
      }
    },
    "node_modules/esbuild": {
      "version": "0.19.2",
      "resolved": "https://registry.npmjs.org/esbuild/-/esbuild-0.19.2.tgz",
      "integrity": "sha512-G6hPax8UbFakEj3hWO0Vs52LQ8k3lnBhxZWomUJDxfz3rZTLqF5k/FCzuNdLx2RbpBiQQF9H9onlDDH1lZsnjg==",
      "hasInstallScript": true,
      "bin": {
        "esbuild": "bin/esbuild"
      },
      "engines": {
        "node": ">=12"
      },
      "optionalDependencies": {
        "@esbuild/android-arm": "0.19.2",
        "@esbuild/android-arm64": "0.19.2",
        "@esbuild/android-x64": "0.19.2",
        "@esbuild/darwin-arm64": "0.19.2",
        "@esbuild/darwin-x64": "0.19.2",
        "@esbuild/freebsd-arm64": "0.19.2",
        "@esbuild/freebsd-x64": "0.19.2",
        "@esbuild/linux-arm": "0.19.2",
        "@esbuild/linux-arm64": "0.19.2",
        "@esbuild/linux-ia32": "0.19.2",
        "@esbuild/linux-loong64": "0.19.2",
        "@esbuild/linux-mips64el": "0.19.2",
        "@esbuild/linux-ppc64": "0.19.2",
        "@esbuild/linux-riscv64": "0.19.2",
        "@esbuild/linux-s390x": "0.19.2",
        "@esbuild/linux-x64": "0.19.2",
        "@esbuild/netbsd-x64": "0.19.2",
        "@esbuild/openbsd-x64": "0.19.2",
        "@esbuild/sunos-x64": "0.19.2",
        "@esbuild/win32-arm64": "0.19.2",
        "@esbuild/win32-ia32": "0.19.2",
        "@esbuild/win32-x64": "0.19.2"
      }
    }
  },
  "dependencies": {
    "@esbuild/darwin-arm64": {
      "version": "0.19.2",
      "resolved": "https://registry.npmjs.org/@esbuild/darwin-arm64/-/darwin-arm64-0.19.2.tgz",
      "integrity": "sha512-Ora8JokrvrzEPEpZO18ZYXkH4asCdc1DLdcVy8TGf5eWtPO1Ie4WroEJzwI52ZGtpODy3+m0a2yEX9l+KUn0tA==",
      "optional": true
    },
    "create-serve": {
      "version": "1.0.1",
      "resolved": "https://registry.npmjs.org/create-serve/-/create-serve-1.0.1.tgz",
      "integrity": "sha512-cDAmBGhkwolS7ihq7SnPE8KwjYUZl5FaI9Pq5ZBwNelSKvFR9OoAA4/B5BfB/NC+eYaykBpX9RVMfuU4DHtrPw=="
    },
    "esbuild": {
      "version": "0.19.2",
      "resolved": "https://registry.npmjs.org/esbuild/-/esbuild-0.19.2.tgz",
      "integrity": "sha512-G6hPax8UbFakEj3hWO0Vs52LQ8k3lnBhxZWomUJDxfz3rZTLqF5k/FCzuNdLx2RbpBiQQF9H9onlDDH1lZsnjg==",
      "requires": {
        "@esbuild/android-arm": "0.19.2",
        "@esbuild/android-arm64": "0.19.2",
        "@esbuild/android-x64": "0.19.2",
        "@esbuild/darwin-arm64": "0.19.2",
        "@esbuild/darwin-x64": "0.19.2",
        "@esbuild/freebsd-arm64": "0.19.2",
        "@esbuild/freebsd-x64": "0.19.2",
        "@esbuild/linux-arm": "0.19.2",
        "@esbuild/linux-arm64": "0.19.2",
        "@esbuild/linux-ia32": "0.19.2",
        "@esbuild/linux-loong64": "0.19.2",
        "@esbuild/linux-mips64el": "0.19.2",
        "@esbuild/linux-ppc64": "0.19.2",
        "@esbuild/linux-riscv64": "0.19.2",
        "@esbuild/linux-s390x": "0.19.2",
        "@esbuild/linux-x64": "0.19.2",
        "@esbuild/netbsd-x64": "0.19.2",
        "@esbuild/openbsd-x64": "0.19.2",
        "@esbuild/sunos-x64": "0.19.2",
        "@esbuild/win32-arm64": "0.19.2",
        "@esbuild/win32-ia32": "0.19.2",
        "@esbuild/win32-x64": "0.19.2"
      }
    }
  }
}
